
Microsoft Visual Studio Solution File, Format Version 12.00
# Visual Studio Version 16
VisualStudioVersion = 16.0.31105.61
MinimumVisualStudioVersion = 10.0.40219.1
Project("{FAE04EC0-301F-11D3-BF4B-00C04F79EFBC}") = "License-Utility2", "License-Utility2.csproj", "{1A0CA275-65D9-4174-8372-163887C09047}"
EndProject
Global
	GlobalSection(SolutionConfigurationPlatforms) = preSolution
		Debug|Any CPU = Debug|Any CPU
		Release|Any CPU = Release|Any CPU
	EndGlobalSection
	GlobalSection(ProjectConfigurationPlatforms) = postSolution
		{1A0CA275-65D9-4174-8372-163887C09047}.Debug|Any CPU.ActiveCfg = Debug|Any CPU
		{1A0CA275-65D9-4174-8372-163887C09047}.Debug|Any CPU.Build.0 = Debug|Any CPU
		{1A0CA275-65D9-4174-8372-163887C09047}.Release|Any CPU.ActiveCfg = Release|Any CPU
		{1A0CA275-65D9-4174-8372-163887C09047}.Release|Any CPU.Build.0 = Release|Any CPU
	EndGlobalSection
	GlobalSection(SolutionProperties) = preSolution
		HideSolutionNode = FALSE
	EndGlobalSection
	GlobalSection(ExtensibilityGlobals) = postSolution
		SolutionGuid = {AB3051F2-A07C-4988-871C-174E5B20468A}
	EndGlobalSection
EndGlobal
